
Microsoft Visual Studio Solution File, Format Version 12.00
# Visual Studio Version 17
VisualStudioVersion = 17.14.36429.23 d17.14
MinimumVisualStudioVersion = 10.0.40219.1
Project("{8BC9CEB8-8B4A-11D0-8D11-00A0C91BC942}") = "9", "9\9.vcxproj", "{133083C5-E73E-4AD3-A64F-21846F75B19A}"
EndProject
Global
	GlobalSection(SolutionConfigurationPlatforms) = preSolution
		Debug|x64 = Debug|x64
		Debug|x86 = Debug|x86
		Release|x64 = Release|x64
		Release|x86 = Release|x86
	EndGlobalSection
	GlobalSection(ProjectConfigurationPlatforms) = postSolution
		{133083C5-E73E-4AD3-A64F-21846F75B19A}.Debug|x64.ActiveCfg = Debug|x64
		{133083C5-E73E-4AD3-A64F-21846F75B19A}.Debug|x64.Build.0 = Debug|x64
		{133083C5-E73E-4AD3-A64F-21846F75B19A}.Debug|x86.ActiveCfg = Debug|Win32
		{133083C5-E73E-4AD3-A64F-21846F75B19A}.Debug|x86.Build.0 = Debug|Win32
		{133083C5-E73E-4AD3-A64F-21846F75B19A}.Release|x64.ActiveCfg = Release|x64
		{133083C5-E73E-4AD3-A64F-21846F75B19A}.Release|x64.Build.0 = Release|x64
		{133083C5-E73E-4AD3-A64F-21846F75B19A}.Release|x86.ActiveCfg = Release|Win32
		{133083C5-E73E-4AD3-A64F-21846F75B19A}.Release|x86.Build.0 = Release|Win32
	EndGlobalSection
	GlobalSection(SolutionProperties) = preSolution
		HideSolutionNode = FALSE
	EndGlobalSection
	GlobalSection(ExtensibilityGlobals) = postSolution
		SolutionGuid = {AB851049-1107-4CC9-9DE0-6EC47BF023E8}
	EndGlobalSection
EndGlobal
